
Microsoft Visual Studio Solution File, Format Version 12.00
# Visual Studio Version 17
VisualStudioVersion = 17.11.35222.181
MinimumVisualStudioVersion = 10.0.40219.1
Project("{FAE04EC0-301F-11D3-BF4B-00C04F79EFBC}") = "Practice1task", "Practice1task.csproj", "{4AD3AD1E-BB8B-47D7-BCC5-B9456B930AF6}"
EndProject
Global
	GlobalSection(SolutionConfigurationPlatforms) = preSolution
		Debug|Any CPU = Debug|Any CPU
		Release|Any CPU = Release|Any CPU
	EndGlobalSection
	GlobalSection(ProjectConfigurationPlatforms) = postSolution
		{4AD3AD1E-BB8B-47D7-BCC5-B9456B930AF6}.Debug|Any CPU.ActiveCfg = Debug|Any CPU
		{4AD3AD1E-BB8B-47D7-BCC5-B9456B930AF6}.Debug|Any CPU.Build.0 = Debug|Any CPU
		{4AD3AD1E-BB8B-47D7-BCC5-B9456B930AF6}.Release|Any CPU.ActiveCfg = Release|Any CPU
		{4AD3AD1E-BB8B-47D7-BCC5-B9456B930AF6}.Release|Any CPU.Build.0 = Release|Any CPU
	EndGlobalSection
	GlobalSection(SolutionProperties) = preSolution
		HideSolutionNode = FALSE
	EndGlobalSection
	GlobalSection(ExtensibilityGlobals) = postSolution
		SolutionGuid = {0A09778B-6DB9-4939-9FE0-73DCE4CF83CE}
	EndGlobalSection
EndGlobal
